dependencies:
- name: openstack-cloud-controller-manager
  repository: https://kubernetes.github.io/cloud-provider-openstack
  version: 2.33.0-alpha.0
- name: openstack-cinder-csi
  repository: https://kubernetes.github.io/cloud-provider-openstack
  version: 2.33.0-alpha.0
- name: external-dns
  repository: oci://registry-1.docker.io/bitnamicharts
  version: 8.8.2
- name: designate-certmanager-webhook
  repository: ""
  version: 0.6.2
- name: cert-manager
  repository: https://charts.jetstack.io
  version: v1.17.2
- name: argo-cd
  repository: oci://ghcr.io/argoproj/argo-helm
  version: 8.0.0
- name: argocd-apps
  repository: oci://ghcr.io/argoproj/argo-helm
  version: 2.0.2
digest: sha256:6c69e6225cba34715747f66681ab7b3e22cd33a2184a6f91a7cbea79bfcab4e0
generated: "2025-05-08T11:53:31.512612074-07:00"
