version: v1.0.0
dependencies:
- name: argo-cd
  repository: https://argoproj.github.io/argo-helm
  version: 8.2.0
- name: argocd-image-updater
  repository: https://argoproj.github.io/argo-helm
  version: 0.12.3
- name: cert-manager
  repository: https://charts.jetstack.io
  version: v1.18.2
- name: external-dns
  repository: https://charts.bitnami.com/bitnami
  version: 9.0.0
- name: external-secrets
  repository: https://charts.external-secrets.io
  version: 0.18.2
- name: kargo
  repository: oci://ghcr.io/akuity/kargo-charts
  version: 1.6.1
- name: openstack-cinder-csi
  repository: https://kubernetes.github.io/cloud-provider-openstack
  version: 2.33.0
- name: openstack-cloud-controller-manager
  repository: https://kubernetes.github.io/cloud-provider-openstack
  version: 2.33.0
- name: sealed-secrets
  repository: https://bitnami-labs.github.io/sealed-secrets
  version: 2.17.3
digest: sha256:146b55cf79aefcfd7a15efc9b87f730104c03b91283a571e278647fb118df0c6
generated: '2025-07-23T00:13:43.426953989-07:00'
